// !$*UTF8*$!
{
	archiveVersion = 1;
	classes = {
	};
	objectVersion = 46;
	objects = {

/* Begin PBXBuildFile section */
		FABB243521BE3AE9007A1D59 /* AppDelegate.swift in Sources */ = {isa = PBXBuildFile; fileRef = FABB243421BE3AE9007A1D59 /* AppDelegate.swift */; };
		FABB243721BE3AE9007A1D59 /* ViewController.swift in Sources */ = {isa = PBXBuildFile; fileRef = FABB243621BE3AE9007A1D59 /* ViewController.swift */; };
		FABB243A21BE3AE9007A1D59 /* Main.storyboard in Resources */ = {isa = PBXBuildFile; fileRef = FABB243821BE3AE9007A1D59 /* Main.storyboard */; };
		FABB243C21BE3AE9007A1D59 /* Assets.xcassets in Resources */ = {isa = PBXBuildFile; fileRef = FABB243B21BE3AE9007A1D59 /* Assets.xcassets */; };
		FABB243F21BE3AE9007A1D59 /* LaunchScreen.storyboard in Resources */ = {isa = PBXBuildFile; fileRef = FABB243D21BE3AE9007A1D59 /* LaunchScreen.storyboard */; };
/* End PBXBuildFile section */

/* Begin PBXFileReference section */
		FABB243121BE3AE9007A1D59 /* Udemy Section5.app */ = {isa = PBXFileReference; explicitFileType = wrapper.application; includeInIndex = 0; path = "Udemy Section5.app"; sourceTree = BUILT_PRODUCTS_DIR; };
		FABB243421BE3AE9007A1D59 /* AppDelegate.swift */ = {isa = PBXFileReference; lastKnownFileType = sourcecode.swift; path = AppDelegate.swift; sourceTree = "<group>"; };
		FABB243621BE3AE9007A1D59 /* ViewController.swift */ = {isa = PBXFileReference; lastKnownFileType = sourcecode.swift; path = ViewController.swift; sourceTree = "<group>"; };
		FABB243921BE3AE9007A1D59 /* Base */ = {isa = PBXFileReference; lastKnownFileType = file.storyboard; name = Base; path = Base.lproj/Main.storyboard; sourceTree = "<group>"; };
		FABB243B21BE3AE9007A1D59 /* Assets.xcassets */ = {isa = PBXFileReference; lastKnownFileType = folder.assetcatalog; path = Assets.xcassets; sourceTree = "<group>"; };
		FABB243E21BE3AE9007A1D59 /* Base */ = {isa = PBXFileReference; lastKnownFileType = file.storyboard; name = Base; path = Base.lproj/LaunchScreen.storyboard; sourceTree = "<group>"; };
		FABB244021BE3AE9007A1D59 /* Info.plist */ = {isa = PBXFileReference; lastKnownFileType = text.plist.xml; path = Info.plist; sourceTree = "<group>"; };
/* End PBXFileReference section */

/* Begin PBXFrameworksBuildPhase section */
		FABB242E21BE3AE9007A1D59 /* Frameworks */ = {
			isa = PBXFrameworksBuildPhase;
			buildActionMask = 2147483647;
			files = (
			);
			runOnlyForDeploymentPostprocessing = 0;
		};
/* End PBXFrameworksBuildPhase section */

/* Begin PBXGroup section */
		FABB242821BE3AE9007A1D59 = {
			isa = PBXGroup;
			children = (
				FABB243321BE3AE9007A1D59 /* Udemy Section5 */,
				FABB243221BE3AE9007A1D59 /* Products */,
			);
			sourceTree = "<group>";
		};
		FABB243221BE3AE9007A1D59 /* Products */ = {
			isa = PBXGroup;
			children = (
				FABB243121BE3AE9007A1D59 /* Udemy Section5.app */,
			);
			name = Products;
			sourceTree = "<group>";
		};
		FABB243321BE3AE9007A1D59 /* Udemy Section5 */ = {
			isa = PBXGroup;
			children = (
				FABB243421BE3AE9007A1D59 /* AppDelegate.swift */,
				FABB243621BE3AE9007A1D59 /* ViewController.swift */,
				FABB243821BE3AE9007A1D59 /* Main.storyboard */,
				FABB243B21BE3AE9007A1D59 /* Assets.xcassets */,
				FABB243D21BE3AE9007A1D59 /* LaunchScreen.storyboard */,
				FABB244021BE3AE9007A1D59 /* Info.plist */,
			);
			path = "Udemy Section5";
			sourceTree = "<group>";
		};
/* End PBXGroup section */

/* Begin PBXNativeTarget section */
		FABB243021BE3AE9007A1D59 /* Udemy Section5 */ = {
			isa = PBXNativeTarget;
			buildConfigurationList = FABB244321BE3AE9007A1D59 /* Build configuration list for PBXNativeTarget "Udemy Section5" */;
			buildPhases = (
				FABB242D21BE3AE9007A1D59 /* Sources */,
				FABB242E21BE3AE9007A1D59 /* Frameworks */,
				FABB242F21BE3AE9007A1D59 /* Resources */,
			);
			buildRules = (
			);
			dependencies = (
			);
			name = "Udemy Section5";
			productName = "Udemy Section5";
			productReference = FABB243121BE3AE9007A1D59 /* Udemy Section5.app */;
			productType = "com.apple.product-type.application";
		};
/* End PBXNativeTarget section */

/* Begin PBXProject section */
		FABB242921BE3AE9007A1D59 /* Project object */ = {
			isa = PBXProject;
			attributes = {
				LastSwiftUpdateCheck = 0820;
				LastUpgradeCheck = 0820;
				ORGANIZATIONNAME = interfeis;
				TargetAttributes = {
					FABB243021BE3AE9007A1D59 = {
						CreatedOnToolsVersion = 8.2.1;
						DevelopmentTeam = 254XN8P3AP;
						ProvisioningStyle = Automatic;
					};
				};
			};
			buildConfigurationList = FABB242C21BE3AE9007A1D59 /* Build configuration list for PBXProject "Udemy Section5" */;
			compatibilityVersion = "Xcode 3.2";
			developmentRegion = English;
			hasScannedForEncodings = 0;
			knownRegions = (
				en,
				Base,
			);
			mainGroup = FABB242821BE3AE9007A1D59;
			productRefGroup = FABB243221BE3AE9007A1D59 /* Products */;
			projectDirPath = "";
			projectRoot = "";
			targets = (
				FABB243021BE3AE9007A1D59 /* Udemy Section5 */,
			);
		};
/* End PBXProject section */

/* Begin PBXResourcesBuildPhase section */
		FABB242F21BE3AE9007A1D59 /* Resources */ = {
			isa = PBXResourcesBuildPhase;
			buildActionMask = 2147483647;
			files = (
				FABB243F21BE3AE9007A1D59 /* LaunchScreen.storyboard in Resources */,
				FABB243C21BE3AE9007A1D59 /* Assets.xcassets in Resources */,
				FABB243A21BE3AE9007A1D59 /* Main.storyboard in Resources */,
			);
			runOnlyForDeploymentPostprocessing = 0;
		};
/* End PBXResourcesBuildPhase section */

/* Begin PBXSourcesBuildPhase section */
		FABB242D21BE3AE9007A1D59 /* Sources */ = {
			isa = PBXSourcesBuildPhase;
			buildActionMask = 2147483647;
			files = (
				FABB243721BE3AE9007A1D59 /* ViewController.swift in Sources */,
				FABB243521BE3AE9007A1D59 /* AppDelegate.swift in Sources */,
			);
			runOnlyForDeploymentPostprocessing = 0;
		};
/* End PBXSourcesBuildPhase section */

/* Begin PBXVariantGroup section */
		FABB243821BE3AE9007A1D59 /* Main.storyboard */ = {
			isa = PBXVariantGroup;
			children = (
				FABB243921BE3AE9007A1D59 /* Base */,
			);
			name = Main.storyboard;
			sourceTree = "<group>";
		};
		FABB243D21BE3AE9007A1D59 /* LaunchScreen.storyboard */ = {
			isa = PBXVariantGroup;
			children = (
				FABB243E21BE3AE9007A1D59 /* Base */,
			);
			name = LaunchScreen.storyboard;
			sourceTree = "<group>";
		};
/* End PBXVariantGroup section */

/* Begin XCBuildConfiguration section */
		FABB244121BE3AE9007A1D59 /* Debug */ = {
			isa = XCBuildConfiguration;
			buildSettings = {
				ALWAYS_SEARCH_USER_PATHS = NO;
				CLANG_ANALYZER_NONNULL = YES;
				CLANG_CXX_LANGUAGE_STANDARD = "gnu++0x";
				CLANG_CXX_LIBRARY = "libc++";
				CLANG_ENABLE_MODULES = YES;
				CLANG_ENABLE_OBJC_ARC = YES;
				CLANG_WARN_BOOL_CONVERSION = YES;
				CLANG_WARN_CONSTANT_CONVERSION = YES;
				CLANG_WARN_DIRECT_OBJC_ISA_USAGE = YES_ERROR;
				CLANG_WARN_DOCUMENTATION_COMMENTS = YES;
				CLANG_WARN_EMPTY_BODY = YES;
				CLANG_WARN_ENUM_CONVERSION = YES;
				CLANG_WARN_INFINITE_RECURSION = YES;
				CLANG_WARN_INT_CONVERSION = YES;
				CLANG_WARN_OBJC_ROOT_CLASS = YES_ERROR;
				CLANG_WARN_SUSPICIOUS_MOVE = YES;
				CLANG_WARN_UNREACHABLE_CODE = YES;
				CLANG_WARN__DUPLICATE_METHOD_MATCH = YES;
				"CODE_SIGN_IDENTITY[sdk=iphoneos*]" = "iPhone Developer";
				COPY_PHASE_STRIP = NO;
				DEBUG_INFORMATION_FORMAT = dwarf;
				ENABLE_STRICT_OBJC_MSGSEND = YES;
				ENABLE_TESTABILITY = YES;
				GCC_C_LANGUAGE_STANDARD = gnu99;
				GCC_DYNAMIC_NO_PIC = NO;
				GCC_NO_COMMON_BLOCKS = YES;
				GCC_OPTIMIZATION_LEVEL = 0;
				GCC_PREPROCESSOR_DEFINITIONS = (
					"DEBUG=1",
					"$(inherited)",
				);
				GCC_WARN_64_TO_32_BIT_CONVERSION = YES;
				GCC_WARN_ABOUT_RETURN_TYPE = YES_ERROR;
				GCC_WARN_UNDECLARED_SELECTOR = YES;
				GCC_WARN_UNINITIALIZED_AUTOS = YES_AGGRESSIVE;
				GCC_WARN_UNUSED_FUNCTION = YES;
				GCC_WARN_UNUSED_VARIABLE = YES;
				IPHONEOS_DEPLOYMENT_TARGET = 10.2;
				MTL_ENABLE_DEBUG_INFO = YES;
				ONLY_ACTIVE_ARCH = YES;
				SDKROOT = iphoneos;
				SWIFT_ACTIVE_COMPILATION_CONDITIONS = DEBUG;
				SWIFT_OPTIMIZATION_LEVEL = "-Onone";
				TARGETED_DEVICE_FAMILY = "1,2";
			};
			name = Debug;
		};
		FABB244221BE3AE9007A1D59 /* Release */ = {
			isa = XCBuildConfiguration;
			buildSettings = {
				ALWAYS_SEARCH_USER_PATHS = NO;
				CLANG_ANALYZER_NONNULL = YES;
				CLANG_CXX_LANGUAGE_STANDARD = "gnu++0x";
				CLANG_CXX_LIBRARY = "libc++";
				CLANG_ENABLE_MODULES = YES;
				CLANG_ENABLE_OBJC_ARC = YES;
				CLANG_WARN_BOOL_CONVERSION = YES;
				CLANG_WARN_CONSTANT_CONVERSION = YES;
				CLANG_WARN_DIRECT_OBJC_ISA_USAGE = YES_ERROR;
				CLANG_WARN_DOCUMENTATION_COMMENTS = YES;
				CLANG_WARN_EMPTY_BODY = YES;
				CLANG_WARN_ENUM_CONVERSION = YES;
				CLANG_WARN_INFINITE_RECURSION = YES;
				CLANG_WARN_INT_CONVERSION = YES;
				CLANG_WARN_OBJC_ROOT_CLASS = YES_ERROR;
				CLANG_WARN_SUSPICIOUS_MOVE = YES;
				CLANG_WARN_UNREACHABLE_CODE = YES;
				CLANG_WARN__DUPLICATE_METHOD_MATCH = YES;
				"CODE_SIGN_IDENTITY[sdk=iphoneos*]" = "iPhone Developer";
				COPY_PHASE_STRIP = NO;
				DEBUG_INFORMATION_FORMAT = "dwarf-with-dsym";
				ENABLE_NS_ASSERTIONS = NO;
				ENABLE_STRICT_OBJC_MSGSEND = YES;
				GCC_C_LANGUAGE_STANDARD = gnu99;
				GCC_NO_COMMON_BLOCKS = YES;
				GCC_WARN_64_TO_32_BIT_CONVERSION = YES;
				GCC_WARN_ABOUT_RETURN_TYPE = YES_ERROR;
				GCC_WARN_UNDECLARED_SELECTOR = YES;
				GCC_WARN_UNINITIALIZED_AUTOS = YES_AGGRESSIVE;
				GCC_WARN_UNUSED_FUNCTION = YES;
				GCC_WARN_UNUSED_VARIABLE = YES;
				IPHONEOS_DEPLOYMENT_TARGET = 10.2;
				MTL_ENABLE_DEBUG_INFO = NO;
				SDKROOT = iphoneos;
				SWIFT_OPTIMIZATION_LEVEL = "-Owholemodule";
				TARGETED_DEVICE_FAMILY = "1,2";
				VALIDATE_PRODUCT = YES;
			};
			name = Release;
		};
		FABB244421BE3AE9007A1D59 /* Debug */ = {
			isa = XCBuildConfiguration;
			buildSettings = {
				ASSETCATALOG_COMPILER_APPICON_NAME = AppIcon;
				DEVELOPMENT_TEAM = 254XN8P3AP;
				INFOPLIST_FILE = "Udemy Section5/Info.plist";
				LD_RUNPATH_SEARCH_PATHS = "$(inherited) @executable_path/Frameworks";
				PRODUCT_BUNDLE_IDENTIFIER = "interfeis.Udemy-Section5";
				PRODUCT_NAME = "$(TARGET_NAME)";
				SWIFT_VERSION = 3.0;
			};
			name = Debug;
		};
		FABB244521BE3AE9007A1D59 /* Release */ = {
			isa = XCBuildConfiguration;
			buildSettings = {
				ASSETCATALOG_COMPILER_APPICON_NAME = AppIcon;
				DEVELOPMENT_TEAM = 254XN8P3AP;
				INFOPLIST_FILE = "Udemy Section5/Info.plist";
				LD_RUNPATH_SEARCH_PATHS = "$(inherited) @executable_path/Frameworks";
				PRODUCT_BUNDLE_IDENTIFIER = "interfeis.Udemy-Section5";
				PRODUCT_NAME = "$(TARGET_NAME)";
				SWIFT_VERSION = 3.0;
			};
			name = Release;
		};
/* End XCBuildConfiguration section */

/* Begin XCConfigurationList section */
		FABB242C21BE3AE9007A1D59 /* Build configuration list for PBXProject "Udemy Section5" */ = {
			isa = XCConfigurationList;
			buildConfigurations = (
				FABB244121BE3AE9007A1D59 /* Debug */,
				FABB244221BE3AE9007A1D59 /* Release */,
			);
			defaultConfigurationIsVisible = 0;
			defaultConfigurationName = Release;
		};
		FABB244321BE3AE9007A1D59 /* Build configuration list for PBXNativeTarget "Udemy Section5" */ = {
			isa = XCConfigurationList;
			buildConfigurations = (
				FABB244421BE3AE9007A1D59 /* Debug */,
				FABB244521BE3AE9007A1D59 /* Release */,
			);
			defaultConfigurationIsVisible = 0;
		};
/* End XCConfigurationList section */
	};
	rootObject = FABB242921BE3AE9007A1D59 /* Project object */;
}
